
Microsoft Visual Studio Solution File, Format Version 12.00
# Visual Studio 2013
VisualStudioVersion = 12.0.30501.0
MinimumVisualStudioVersion = 10.0.40219.1
Project("{FAE04EC0-301F-11D3-BF4B-00C04F79EFBC}") = "QLNS_Service", "QLNS_Service\QLNS_Service.csproj", "{95D574A7-80F0-43A9-BC36-6B4458F7F917}"
EndProject
Project("{FAE04EC0-301F-11D3-BF4B-00C04F79EFBC}") = "QLNS_Application", "QLNS_Application\QLNS_Application.csproj", "{52F7150A-8AA9-4CE6-8258-1435B654DDBB}"
	ProjectSection(ProjectDependencies) = postProject
		{95D574A7-80F0-43A9-BC36-6B4458F7F917} = {95D574A7-80F0-43A9-BC36-6B4458F7F917}
	EndProjectSection
EndProject
Global
	GlobalSection(SolutionConfigurationPlatforms) = preSolution
		Debug|Any CPU = Debug|Any CPU
		Release|Any CPU = Release|Any CPU
	EndGlobalSection
	GlobalSection(ProjectConfigurationPlatforms) = postSolution
		{95D574A7-80F0-43A9-BC36-6B4458F7F917}.Debug|Any CPU.ActiveCfg = Debug|Any CPU
		{95D574A7-80F0-43A9-BC36-6B4458F7F917}.Debug|Any CPU.Build.0 = Debug|Any CPU
		{95D574A7-80F0-43A9-BC36-6B4458F7F917}.Release|Any CPU.ActiveCfg = Release|Any CPU
		{95D574A7-80F0-43A9-BC36-6B4458F7F917}.Release|Any CPU.Build.0 = Release|Any CPU
		{52F7150A-8AA9-4CE6-8258-1435B654DDBB}.Debug|Any CPU.ActiveCfg = Debug|Any CPU
		{52F7150A-8AA9-4CE6-8258-1435B654DDBB}.Debug|Any CPU.Build.0 = Debug|Any CPU
		{52F7150A-8AA9-4CE6-8258-1435B654DDBB}.Release|Any CPU.ActiveCfg = Release|Any CPU
		{52F7150A-8AA9-4CE6-8258-1435B654DDBB}.Release|Any CPU.Build.0 = Release|Any CPU
	EndGlobalSection
	GlobalSection(SolutionProperties) = preSolution
		HideSolutionNode = FALSE
	EndGlobalSection
EndGlobal
